
Microsoft Visual Studio Solution File, Format Version 12.00
# Visual Studio 15
VisualStudioVersion = 15.0.28010.2003
MinimumVisualStudioVersion = 10.0.40219.1
Project("{8BC9CEB8-8B4A-11D0-8D11-00A0C91BC942}") = "Chapter1", "Chapter1\Chapter1.vcxproj", "{B0EB335B-C93A-44CB-8316-BA3B1A4729E4}"
EndProject
Project("{8BC9CEB8-8B4A-11D0-8D11-00A0C91BC942}") = "Chapter2", "Chapter2\Chapter2.vcxproj", "{B1067E40-1861-4F0E-B81F-BAFDCC409EB1}"
EndProject
Project("{8BC9CEB8-8B4A-11D0-8D11-00A0C91BC942}") = "Chapter3-2", "Chapter3\Chapter3.vcxproj", "{11FAE3D3-C868-495B-8DDB-FA53D3F635BB}"
EndProject
Project("{8BC9CEB8-8B4A-11D0-8D11-00A0C91BC942}") = "Chapter3-3", "Chapter3-3\Chapter3-3.vcxproj", "{4B76050D-EBCD-434B-BB55-8C4767C9A808}"
EndProject
Project("{8BC9CEB8-8B4A-11D0-8D11-00A0C91BC942}") = "Chapter3-4", "Chapter3-4\Chapter3-4.vcxproj", "{7C7B2DB3-50CB-4B7F-81F0-9E2474B71D45}"
EndProject
Global
	GlobalSection(SolutionConfigurationPlatforms) = preSolution
		Debug|x64 = Debug|x64
		Debug|x86 = Debug|x86
		Release|x64 = Release|x64
		Release|x86 = Release|x86
	EndGlobalSection
	GlobalSection(ProjectConfigurationPlatforms) = postSolution
		{B0EB335B-C93A-44CB-8316-BA3B1A4729E4}.Debug|x64.ActiveCfg = Debug|x64
		{B0EB335B-C93A-44CB-8316-BA3B1A4729E4}.Debug|x64.Build.0 = Debug|x64
		{B0EB335B-C93A-44CB-8316-BA3B1A4729E4}.Debug|x86.ActiveCfg = Debug|Win32
		{B0EB335B-C93A-44CB-8316-BA3B1A4729E4}.Debug|x86.Build.0 = Debug|Win32
		{B0EB335B-C93A-44CB-8316-BA3B1A4729E4}.Release|x64.ActiveCfg = Release|x64
		{B0EB335B-C93A-44CB-8316-BA3B1A4729E4}.Release|x64.Build.0 = Release|x64
		{B0EB335B-C93A-44CB-8316-BA3B1A4729E4}.Release|x86.ActiveCfg = Release|Win32
		{B0EB335B-C93A-44CB-8316-BA3B1A4729E4}.Release|x86.Build.0 = Release|Win32
		{B1067E40-1861-4F0E-B81F-BAFDCC409EB1}.Debug|x64.ActiveCfg = Debug|x64
		{B1067E40-1861-4F0E-B81F-BAFDCC409EB1}.Debug|x64.Build.0 = Debug|x64
		{B1067E40-1861-4F0E-B81F-BAFDCC409EB1}.Debug|x86.ActiveCfg = Debug|Win32
		{B1067E40-1861-4F0E-B81F-BAFDCC409EB1}.Debug|x86.Build.0 = Debug|Win32
		{B1067E40-1861-4F0E-B81F-BAFDCC409EB1}.Release|x64.ActiveCfg = Release|x64
		{B1067E40-1861-4F0E-B81F-BAFDCC409EB1}.Release|x64.Build.0 = Release|x64
		{B1067E40-1861-4F0E-B81F-BAFDCC409EB1}.Release|x86.ActiveCfg = Release|Win32
		{B1067E40-1861-4F0E-B81F-BAFDCC409EB1}.Release|x86.Build.0 = Release|Win32
		{11FAE3D3-C868-495B-8DDB-FA53D3F635BB}.Debug|x64.ActiveCfg = Debug|x64
		{11FAE3D3-C868-495B-8DDB-FA53D3F635BB}.Debug|x64.Build.0 = Debug|x64
		{11FAE3D3-C868-495B-8DDB-FA53D3F635BB}.Debug|x86.ActiveCfg = Debug|Win32
		{11FAE3D3-C868-495B-8DDB-FA53D3F635BB}.Debug|x86.Build.0 = Debug|Win32
		{11FAE3D3-C868-495B-8DDB-FA53D3F635BB}.Release|x64.ActiveCfg = Release|x64
		{11FAE3D3-C868-495B-8DDB-FA53D3F635BB}.Release|x64.Build.0 = Release|x64
		{11FAE3D3-C868-495B-8DDB-FA53D3F635BB}.Release|x86.ActiveCfg = Release|Win32
		{11FAE3D3-C868-495B-8DDB-FA53D3F635BB}.Release|x86.Build.0 = Release|Win32
		{4B76050D-EBCD-434B-BB55-8C4767C9A808}.Debug|x64.ActiveCfg = Debug|x64
		{4B76050D-EBCD-434B-BB55-8C4767C9A808}.Debug|x64.Build.0 = Debug|x64
		{4B76050D-EBCD-434B-BB55-8C4767C9A808}.Debug|x86.ActiveCfg = Debug|Win32
		{4B76050D-EBCD-434B-BB55-8C4767C9A808}.Debug|x86.Build.0 = Debug|Win32
		{4B76050D-EBCD-434B-BB55-8C4767C9A808}.Release|x64.ActiveCfg = Release|x64
		{4B76050D-EBCD-434B-BB55-8C4767C9A808}.Release|x64.Build.0 = Release|x64
		{4B76050D-EBCD-434B-BB55-8C4767C9A808}.Release|x86.ActiveCfg = Release|Win32
		{4B76050D-EBCD-434B-BB55-8C4767C9A808}.Release|x86.Build.0 = Release|Win32
		{7C7B2DB3-50CB-4B7F-81F0-9E2474B71D45}.Debug|x64.ActiveCfg = Debug|x64
		{7C7B2DB3-50CB-4B7F-81F0-9E2474B71D45}.Debug|x64.Build.0 = Debug|x64
		{7C7B2DB3-50CB-4B7F-81F0-9E2474B71D45}.Debug|x86.ActiveCfg = Debug|Win32
		{7C7B2DB3-50CB-4B7F-81F0-9E2474B71D45}.Debug|x86.Build.0 = Debug|Win32
		{7C7B2DB3-50CB-4B7F-81F0-9E2474B71D45}.Release|x64.ActiveCfg = Release|x64
		{7C7B2DB3-50CB-4B7F-81F0-9E2474B71D45}.Release|x64.Build.0 = Release|x64
		{7C7B2DB3-50CB-4B7F-81F0-9E2474B71D45}.Release|x86.ActiveCfg = Release|Win32
		{7C7B2DB3-50CB-4B7F-81F0-9E2474B71D45}.Release|x86.Build.0 = Release|Win32
	EndGlobalSection
	GlobalSection(SolutionProperties) = preSolution
		HideSolutionNode = FALSE
	EndGlobalSection
	GlobalSection(ExtensibilityGlobals) = postSolution
		SolutionGuid = {9A2DD7CA-6033-4C1F-9152-CF8DCB0E33AD}
	EndGlobalSection
EndGlobal
